
Microsoft Visual Studio Solution File, Format Version 12.00
# Visual Studio Version 17
VisualStudioVersion = 17.5.33530.505
MinimumVisualStudioVersion = 10.0.40219.1
Project("{9A19103F-16F7-4668-BE54-9A1E7A4F7556}") = "Web", "FlashCardStudyWeb\Web.csproj", "{E581C2E6-0CEB-497D-AC24-AABA250399DD}"
EndProject
Project("{FAE04EC0-301F-11D3-BF4B-00C04F79EFBC}") = "Models", "Models\Models.csproj", "{2C02F6BD-5E83-4B51-B791-876FC2A5C170}"
EndProject
Project("{FAE04EC0-301F-11D3-BF4B-00C04F79EFBC}") = "DataBaseAccess", "DataBaseAccess\DataBaseAccess.csproj", "{39C0B27C-A30C-4770-83A0-BF2BD5EE0A7D}"
EndProject
Global
	GlobalSection(SolutionConfigurationPlatforms) = preSolution
		Debug|Any CPU = Debug|Any CPU
		Release|Any CPU = Release|Any CPU
	EndGlobalSection
	GlobalSection(ProjectConfigurationPlatforms) = postSolution
		{E581C2E6-0CEB-497D-AC24-AABA250399DD}.Debug|Any CPU.ActiveCfg = Debug|Any CPU
		{E581C2E6-0CEB-497D-AC24-AABA250399DD}.Debug|Any CPU.Build.0 = Debug|Any CPU
		{E581C2E6-0CEB-497D-AC24-AABA250399DD}.Release|Any CPU.ActiveCfg = Release|Any CPU
		{E581C2E6-0CEB-497D-AC24-AABA250399DD}.Release|Any CPU.Build.0 = Release|Any CPU
		{2C02F6BD-5E83-4B51-B791-876FC2A5C170}.Debug|Any CPU.ActiveCfg = Debug|Any CPU
		{2C02F6BD-5E83-4B51-B791-876FC2A5C170}.Debug|Any CPU.Build.0 = Debug|Any CPU
		{2C02F6BD-5E83-4B51-B791-876FC2A5C170}.Release|Any CPU.ActiveCfg = Release|Any CPU
		{2C02F6BD-5E83-4B51-B791-876FC2A5C170}.Release|Any CPU.Build.0 = Release|Any CPU
		{39C0B27C-A30C-4770-83A0-BF2BD5EE0A7D}.Debug|Any CPU.ActiveCfg = Debug|Any CPU
		{39C0B27C-A30C-4770-83A0-BF2BD5EE0A7D}.Debug|Any CPU.Build.0 = Debug|Any CPU
		{39C0B27C-A30C-4770-83A0-BF2BD5EE0A7D}.Release|Any CPU.ActiveCfg = Release|Any CPU
		{39C0B27C-A30C-4770-83A0-BF2BD5EE0A7D}.Release|Any CPU.Build.0 = Release|Any CPU
	EndGlobalSection
	GlobalSection(SolutionProperties) = preSolution
		HideSolutionNode = FALSE
	EndGlobalSection
	GlobalSection(ExtensibilityGlobals) = postSolution
		SolutionGuid = {5A5213BF-A044-400C-A4E3-DEE60690BC0B}
	EndGlobalSection
EndGlobal
